
Microsoft Visual Studio Solution File, Format Version 12.00
# Visual Studio Version 16
VisualStudioVersion = 16.0.30907.101
MinimumVisualStudioVersion = 10.0.40219.1
Project("{FAE04EC0-301F-11D3-BF4B-00C04F79EFBC}") = "AoE2.netDesktop", "AoE2.netDesktop\AoE2.netDesktop.csproj", "{C323907E-963E-4E61-841D-325F65F3526B}"
EndProject
Project("{2150E333-8FDC-42A3-9474-1A3956D46DE8}") = "Solution Items", "Solution Items", "{AFC6AA0D-5D60-4F1E-89C3-E8F3C39978FE}"
	ProjectSection(SolutionItems) = preProject
		.editorconfig = .editorconfig
	EndProjectSection
EndProject
Global
	GlobalSection(SolutionConfigurationPlatforms) = preSolution
		Debug|Any CPU = Debug|Any CPU
		Release|Any CPU = Release|Any CPU
	EndGlobalSection
	GlobalSection(ProjectConfigurationPlatforms) = postSolution
		{C323907E-963E-4E61-841D-325F65F3526B}.Debug|Any CPU.ActiveCfg = Debug|Any CPU
		{C323907E-963E-4E61-841D-325F65F3526B}.Debug|Any CPU.Build.0 = Debug|Any CPU
		{C323907E-963E-4E61-841D-325F65F3526B}.Release|Any CPU.ActiveCfg = Release|Any CPU
		{C323907E-963E-4E61-841D-325F65F3526B}.Release|Any CPU.Build.0 = Release|Any CPU
	EndGlobalSection
	GlobalSection(SolutionProperties) = preSolution
		HideSolutionNode = FALSE
	EndGlobalSection
	GlobalSection(ExtensibilityGlobals) = postSolution
		SolutionGuid = {25A8E7D8-AFC7-4A0E-B4A6-E3B203A71654}
	EndGlobalSection
EndGlobal
